
Microsoft Visual Studio Solution File, Format Version 12.00
# Visual Studio Version 17
VisualStudioVersion = 17.0.31903.59
MinimumVisualStudioVersion = 10.0.40219.1
Project("{9A19103F-16F7-4668-BE54-9A1E7A4F7556}") = "Hikaria.DropItem", "Hikaria.DropItem\Hikaria.DropItem.csproj", "{43F1AA5E-CA2A-44F5-AC3E-DA0E9FFD754C}"
EndProject
Project("{2150E333-8FDC-42A3-9474-1A3956D46DE8}") = "Solution Items", "Solution Items", "{02EA681E-C7D8-13C7-8484-4AC65E1B71E8}"
	ProjectSection(SolutionItems) = preProject
		.gitignore = .gitignore
		Dependencies.props = Dependencies.props
		GameFolder.props = GameFolder.props
	EndProjectSection
EndProject
Project("{2150E333-8FDC-42A3-9474-1A3956D46DE8}") = "Localization", "Localization", "{88DF28C5-32F1-4AA5-8A4A-BFEF169364A8}"
	ProjectSection(SolutionItems) = preProject
		Localization\Module_Hikaria.DropItem_Localization.json = Localization\Module_Hikaria.DropItem_Localization.json
	EndProjectSection
EndProject
Global
	GlobalSection(SolutionConfigurationPlatforms) = preSolution
		Debug|Any CPU = Debug|Any CPU
		Debug|Mixed Platforms = Debug|Mixed Platforms
		Debug|x64 = Debug|x64
		Release|Any CPU = Release|Any CPU
		Release|Mixed Platforms = Release|Mixed Platforms
		Release|x64 = Release|x64
	EndGlobalSection
	GlobalSection(ProjectConfigurationPlatforms) = postSolution
		{43F1AA5E-CA2A-44F5-AC3E-DA0E9FFD754C}.Debug|Any CPU.ActiveCfg = Debug|x64
		{43F1AA5E-CA2A-44F5-AC3E-DA0E9FFD754C}.Debug|Any CPU.Build.0 = Debug|x64
		{43F1AA5E-CA2A-44F5-AC3E-DA0E9FFD754C}.Debug|Mixed Platforms.ActiveCfg = Release|x64
		{43F1AA5E-CA2A-44F5-AC3E-DA0E9FFD754C}.Debug|Mixed Platforms.Build.0 = Release|x64
		{43F1AA5E-CA2A-44F5-AC3E-DA0E9FFD754C}.Debug|x64.ActiveCfg = Debug|x64
		{43F1AA5E-CA2A-44F5-AC3E-DA0E9FFD754C}.Debug|x64.Build.0 = Debug|x64
		{43F1AA5E-CA2A-44F5-AC3E-DA0E9FFD754C}.Release|Any CPU.ActiveCfg = Release|x64
		{43F1AA5E-CA2A-44F5-AC3E-DA0E9FFD754C}.Release|Any CPU.Build.0 = Release|x64
		{43F1AA5E-CA2A-44F5-AC3E-DA0E9FFD754C}.Release|Mixed Platforms.ActiveCfg = Release|x64
		{43F1AA5E-CA2A-44F5-AC3E-DA0E9FFD754C}.Release|Mixed Platforms.Build.0 = Release|x64
		{43F1AA5E-CA2A-44F5-AC3E-DA0E9FFD754C}.Release|x64.ActiveCfg = Release|Any CPU
		{43F1AA5E-CA2A-44F5-AC3E-DA0E9FFD754C}.Release|x64.Build.0 = Release|Any CPU
	EndGlobalSection
	GlobalSection(SolutionProperties) = preSolution
		HideSolutionNode = FALSE
	EndGlobalSection
	GlobalSection(ExtensibilityGlobals) = postSolution
		SolutionGuid = {AA82AEA8-3CAA-4046-8F00-ED70922407C8}
	EndGlobalSection
EndGlobal
